
Microsoft Visual Studio Solution File, Format Version 12.00
# Visual Studio Version 17
VisualStudioVersion = 17.7.34202.233
MinimumVisualStudioVersion = 10.0.40219.1
Project("{8BC9CEB8-8B4A-11D0-8D11-00A0C91BC942}") = "21-希尔排序的代码原理和实现", "21-希尔排序的代码原理和实现\21-希尔排序的代码原理和实现.vcxproj", "{88039744-3326-450E-98C8-097D2E1FE829}"
EndProject
Global
	GlobalSection(SolutionConfigurationPlatforms) = preSolution
		Debug|x64 = Debug|x64
		Debug|x86 = Debug|x86
		Release|x64 = Release|x64
		Release|x86 = Release|x86
	EndGlobalSection
	GlobalSection(ProjectConfigurationPlatforms) = postSolution
		{88039744-3326-450E-98C8-097D2E1FE829}.Debug|x64.ActiveCfg = Debug|x64
		{88039744-3326-450E-98C8-097D2E1FE829}.Debug|x64.Build.0 = Debug|x64
		{88039744-3326-450E-98C8-097D2E1FE829}.Debug|x86.ActiveCfg = Debug|Win32
		{88039744-3326-450E-98C8-097D2E1FE829}.Debug|x86.Build.0 = Debug|Win32
		{88039744-3326-450E-98C8-097D2E1FE829}.Release|x64.ActiveCfg = Release|x64
		{88039744-3326-450E-98C8-097D2E1FE829}.Release|x64.Build.0 = Release|x64
		{88039744-3326-450E-98C8-097D2E1FE829}.Release|x86.ActiveCfg = Release|Win32
		{88039744-3326-450E-98C8-097D2E1FE829}.Release|x86.Build.0 = Release|Win32
	EndGlobalSection
	GlobalSection(SolutionProperties) = preSolution
		HideSolutionNode = FALSE
	EndGlobalSection
	GlobalSection(ExtensibilityGlobals) = postSolution
		SolutionGuid = {1CC86955-723E-42C6-82BA-E7DCC81BF989}
	EndGlobalSection
EndGlobal
